
Microsoft Visual Studio Solution File, Format Version 12.00
# Visual Studio Version 17
VisualStudioVersion = 17.2.32526.322
MinimumVisualStudioVersion = 10.0.40219.1
Project("{FAE04EC0-301F-11D3-BF4B-00C04F79EFBC}") = "Contact Tracing App", "Contact Tracing App\Contact Tracing App.csproj", "{48580BF8-0047-47EA-858B-E0284D988265}"
EndProject
Global
	GlobalSection(SolutionConfigurationPlatforms) = preSolution
		Debug|Any CPU = Debug|Any CPU
		Release|Any CPU = Release|Any CPU
	EndGlobalSection
	GlobalSection(ProjectConfigurationPlatforms) = postSolution
		{48580BF8-0047-47EA-858B-E0284D988265}.Debug|Any CPU.ActiveCfg = Debug|Any CPU
		{48580BF8-0047-47EA-858B-E0284D988265}.Debug|Any CPU.Build.0 = Debug|Any CPU
		{48580BF8-0047-47EA-858B-E0284D988265}.Release|Any CPU.ActiveCfg = Release|Any CPU
		{48580BF8-0047-47EA-858B-E0284D988265}.Release|Any CPU.Build.0 = Release|Any CPU
	EndGlobalSection
	GlobalSection(SolutionProperties) = preSolution
		HideSolutionNode = FALSE
	EndGlobalSection
	GlobalSection(ExtensibilityGlobals) = postSolution
		SolutionGuid = {A8324BAA-2470-4181-B7FF-19FCC1028E70}
	EndGlobalSection
EndGlobal
